
Microsoft Visual Studio Solution File, Format Version 12.00
# Visual Studio Version 17
VisualStudioVersion = 17.7.34202.233
MinimumVisualStudioVersion = 10.0.40219.1
Project("{FAE04EC0-301F-11D3-BF4B-00C04F79EFBC}") = "AccessService", "AccessService\AccessService.csproj", "{4560B9D4-914E-4205-BD6C-DFCD400F2F03}"
EndProject
Global
	GlobalSection(SolutionConfigurationPlatforms) = preSolution
		Debug|Any CPU = Debug|Any CPU
		Release|Any CPU = Release|Any CPU
	EndGlobalSection
	GlobalSection(ProjectConfigurationPlatforms) = postSolution
		{4560B9D4-914E-4205-BD6C-DFCD400F2F03}.Debug|Any CPU.ActiveCfg = Debug|Any CPU
		{4560B9D4-914E-4205-BD6C-DFCD400F2F03}.Debug|Any CPU.Build.0 = Debug|Any CPU
		{4560B9D4-914E-4205-BD6C-DFCD400F2F03}.Release|Any CPU.ActiveCfg = Release|Any CPU
		{4560B9D4-914E-4205-BD6C-DFCD400F2F03}.Release|Any CPU.Build.0 = Release|Any CPU
	EndGlobalSection
	GlobalSection(SolutionProperties) = preSolution
		HideSolutionNode = FALSE
	EndGlobalSection
	GlobalSection(ExtensibilityGlobals) = postSolution
		SolutionGuid = {AEDB9F9A-B236-46FA-A084-B139FE1F48A2}
	EndGlobalSection
EndGlobal
